
Microsoft Visual Studio Solution File, Format Version 12.00
# Visual Studio Version 17
VisualStudioVersion = 17.9.34622.214
MinimumVisualStudioVersion = 10.0.40219.1
Project("{9A19103F-16F7-4668-BE54-9A1E7A4F7556}") = "LdelossantosN5.Domain", "LdelossantosN5.Domain\LdelossantosN5.Domain.csproj", "{505975A7-B385-4175-8AF7-8E5A695DBDEC}"
EndProject
Project("{9A19103F-16F7-4668-BE54-9A1E7A4F7556}") = "LdelossantosN5.Domain.Impl", "LdelossantosN5.DAL\LdelossantosN5.Domain.Impl.csproj", "{D871506E-4696-42B2-868B-FEBF8001F87E}"
EndProject
Project("{9A19103F-16F7-4668-BE54-9A1E7A4F7556}") = "LdelossantosN5.Domain.Impl.Tests", "LdelossantosN5.DAL.Tests\LdelossantosN5.Domain.Impl.Tests.csproj", "{435B8C55-C021-4923-9730-30E20DC6C251}"
EndProject
Project("{9A19103F-16F7-4668-BE54-9A1E7A4F7556}") = "LdelossantosN5.WebApi", "LdelossantosN5.WebApi\LdelossantosN5.WebApi.csproj", "{FCAC7D7D-5923-40DF-9A1D-67F23FF303E3}"
EndProject
Project("{9A19103F-16F7-4668-BE54-9A1E7A4F7556}") = "LdelossantosN5.WebApi.Tests", "LdelossantosN5.Domain.Impl.Tests\LdelossantosN5.WebApi.Tests.csproj", "{1EF241D0-2E44-461C-AB29-67FE0FC39E54}"
EndProject
Global
	GlobalSection(SolutionConfigurationPlatforms) = preSolution
		Debug|Any CPU = Debug|Any CPU
		Release|Any CPU = Release|Any CPU
	EndGlobalSection
	GlobalSection(ProjectConfigurationPlatforms) = postSolution
		{505975A7-B385-4175-8AF7-8E5A695DBDEC}.Debug|Any CPU.ActiveCfg = Debug|Any CPU
		{505975A7-B385-4175-8AF7-8E5A695DBDEC}.Debug|Any CPU.Build.0 = Debug|Any CPU
		{505975A7-B385-4175-8AF7-8E5A695DBDEC}.Release|Any CPU.ActiveCfg = Release|Any CPU
		{505975A7-B385-4175-8AF7-8E5A695DBDEC}.Release|Any CPU.Build.0 = Release|Any CPU
		{D871506E-4696-42B2-868B-FEBF8001F87E}.Debug|Any CPU.ActiveCfg = Debug|Any CPU
		{D871506E-4696-42B2-868B-FEBF8001F87E}.Debug|Any CPU.Build.0 = Debug|Any CPU
		{D871506E-4696-42B2-868B-FEBF8001F87E}.Release|Any CPU.ActiveCfg = Release|Any CPU
		{D871506E-4696-42B2-868B-FEBF8001F87E}.Release|Any CPU.Build.0 = Release|Any CPU
		{435B8C55-C021-4923-9730-30E20DC6C251}.Debug|Any CPU.ActiveCfg = Debug|Any CPU
		{435B8C55-C021-4923-9730-30E20DC6C251}.Debug|Any CPU.Build.0 = Debug|Any CPU
		{435B8C55-C021-4923-9730-30E20DC6C251}.Release|Any CPU.ActiveCfg = Release|Any CPU
		{435B8C55-C021-4923-9730-30E20DC6C251}.Release|Any CPU.Build.0 = Release|Any CPU
		{FCAC7D7D-5923-40DF-9A1D-67F23FF303E3}.Debug|Any CPU.ActiveCfg = Debug|Any CPU
		{FCAC7D7D-5923-40DF-9A1D-67F23FF303E3}.Debug|Any CPU.Build.0 = Debug|Any CPU
		{FCAC7D7D-5923-40DF-9A1D-67F23FF303E3}.Release|Any CPU.ActiveCfg = Release|Any CPU
		{FCAC7D7D-5923-40DF-9A1D-67F23FF303E3}.Release|Any CPU.Build.0 = Release|Any CPU
		{1EF241D0-2E44-461C-AB29-67FE0FC39E54}.Debug|Any CPU.ActiveCfg = Debug|Any CPU
		{1EF241D0-2E44-461C-AB29-67FE0FC39E54}.Debug|Any CPU.Build.0 = Debug|Any CPU
		{1EF241D0-2E44-461C-AB29-67FE0FC39E54}.Release|Any CPU.ActiveCfg = Release|Any CPU
		{1EF241D0-2E44-461C-AB29-67FE0FC39E54}.Release|Any CPU.Build.0 = Release|Any CPU
	EndGlobalSection
	GlobalSection(SolutionProperties) = preSolution
		HideSolutionNode = FALSE
	EndGlobalSection
	GlobalSection(ExtensibilityGlobals) = postSolution
		SolutionGuid = {78DE5413-30C3-4723-9726-0C277082F13A}
	EndGlobalSection
EndGlobal
